
Microsoft Visual Studio Solution File, Format Version 12.00
# Visual Studio Version 16
VisualStudioVersion = 16.0.31205.134
MinimumVisualStudioVersion = 10.0.40219.1
Project("{FAE04EC0-301F-11D3-BF4B-00C04F79EFBC}") = "OOP_Prot5", "OOP_Prot5.csproj", "{083AFAE0-499B-4695-9009-84B4DAC8ACE5}"
EndProject
Global
	GlobalSection(SolutionConfigurationPlatforms) = preSolution
		Debug|Any CPU = Debug|Any CPU
		Release|Any CPU = Release|Any CPU
	EndGlobalSection
	GlobalSection(ProjectConfigurationPlatforms) = postSolution
		{083AFAE0-499B-4695-9009-84B4DAC8ACE5}.Debug|Any CPU.ActiveCfg = Debug|Any CPU
		{083AFAE0-499B-4695-9009-84B4DAC8ACE5}.Debug|Any CPU.Build.0 = Debug|Any CPU
		{083AFAE0-499B-4695-9009-84B4DAC8ACE5}.Release|Any CPU.ActiveCfg = Release|Any CPU
		{083AFAE0-499B-4695-9009-84B4DAC8ACE5}.Release|Any CPU.Build.0 = Release|Any CPU
	EndGlobalSection
	GlobalSection(SolutionProperties) = preSolution
		HideSolutionNode = FALSE
	EndGlobalSection
	GlobalSection(ExtensibilityGlobals) = postSolution
		SolutionGuid = {A500A579-BC82-43BE-9343-04023057D6E6}
	EndGlobalSection
EndGlobal
